
Microsoft Visual Studio Solution File, Format Version 12.00
# Visual Studio Version 17
VisualStudioVersion = 17.6.33723.286
MinimumVisualStudioVersion = 10.0.40219.1
Project("{9A19103F-16F7-4668-BE54-9A1E7A4F7556}") = "CompagnyEmployee", "CompagnyEmployee\CompagnyEmployee.csproj", "{2E56A8BC-CFF7-43B4-8943-846ABE0C1A1D}"
EndProject
Project("{9A19103F-16F7-4668-BE54-9A1E7A4F7556}") = "Contracts", "Contracts\Contracts.csproj", "{0EDB4DC3-FE14-4802-A7B8-700B1944820B}"
EndProject
Project("{9A19103F-16F7-4668-BE54-9A1E7A4F7556}") = "LoggerService", "LoggerService\LoggerService.csproj", "{37483ADE-C300-4898-A256-62575E565201}"
EndProject
Project("{2150E333-8FDC-42A3-9474-1A3956D46DE8}") = "Éléments de solution", "Éléments de solution", "{F1F8D140-32AD-41E9-80CC-D9451F929F85}"
	ProjectSection(SolutionItems) = preProject
		explication_supplementaire.md = explication_supplementaire.md
		C:\Users\youne\Downloads\uml context, repository, service, entite.png = C:\Users\youne\Downloads\uml context, repository, service, entite.png
		uml.md = uml.md
	EndProjectSection
EndProject
Project("{9A19103F-16F7-4668-BE54-9A1E7A4F7556}") = "Entities", "Entities\Entities.csproj", "{BE83D07B-D54D-4941-AE84-D1363354953C}"
EndProject
Project("{9A19103F-16F7-4668-BE54-9A1E7A4F7556}") = "Repository", "Repository\Repository.csproj", "{EB8D2D39-9EDC-4A19-AAA2-B091DF257D95}"
EndProject
Project("{9A19103F-16F7-4668-BE54-9A1E7A4F7556}") = "Service.Contracts", "Service.Contracts\Service.Contracts.csproj", "{636AD3D6-60C7-4836-B189-1746F8DD9662}"
EndProject
Project("{9A19103F-16F7-4668-BE54-9A1E7A4F7556}") = "Service", "Service\Service.csproj", "{48FF9D19-F30E-4E3C-BED3-65A3FFDAF7C1}"
EndProject
Global
	GlobalSection(SolutionConfigurationPlatforms) = preSolution
		Debug|Any CPU = Debug|Any CPU
		Release|Any CPU = Release|Any CPU
	EndGlobalSection
	GlobalSection(ProjectConfigurationPlatforms) = postSolution
		{2E56A8BC-CFF7-43B4-8943-846ABE0C1A1D}.Debug|Any CPU.ActiveCfg = Debug|Any CPU
		{2E56A8BC-CFF7-43B4-8943-846ABE0C1A1D}.Debug|Any CPU.Build.0 = Debug|Any CPU
		{2E56A8BC-CFF7-43B4-8943-846ABE0C1A1D}.Release|Any CPU.ActiveCfg = Release|Any CPU
		{2E56A8BC-CFF7-43B4-8943-846ABE0C1A1D}.Release|Any CPU.Build.0 = Release|Any CPU
		{0EDB4DC3-FE14-4802-A7B8-700B1944820B}.Debug|Any CPU.ActiveCfg = Debug|Any CPU
		{0EDB4DC3-FE14-4802-A7B8-700B1944820B}.Debug|Any CPU.Build.0 = Debug|Any CPU
		{0EDB4DC3-FE14-4802-A7B8-700B1944820B}.Release|Any CPU.ActiveCfg = Release|Any CPU
		{0EDB4DC3-FE14-4802-A7B8-700B1944820B}.Release|Any CPU.Build.0 = Release|Any CPU
		{37483ADE-C300-4898-A256-62575E565201}.Debug|Any CPU.ActiveCfg = Debug|Any CPU
		{37483ADE-C300-4898-A256-62575E565201}.Debug|Any CPU.Build.0 = Debug|Any CPU
		{37483ADE-C300-4898-A256-62575E565201}.Release|Any CPU.ActiveCfg = Release|Any CPU
		{37483ADE-C300-4898-A256-62575E565201}.Release|Any CPU.Build.0 = Release|Any CPU
		{BE83D07B-D54D-4941-AE84-D1363354953C}.Debug|Any CPU.ActiveCfg = Debug|Any CPU
		{BE83D07B-D54D-4941-AE84-D1363354953C}.Debug|Any CPU.Build.0 = Debug|Any CPU
		{BE83D07B-D54D-4941-AE84-D1363354953C}.Release|Any CPU.ActiveCfg = Release|Any CPU
		{BE83D07B-D54D-4941-AE84-D1363354953C}.Release|Any CPU.Build.0 = Release|Any CPU
		{EB8D2D39-9EDC-4A19-AAA2-B091DF257D95}.Debug|Any CPU.ActiveCfg = Debug|Any CPU
		{EB8D2D39-9EDC-4A19-AAA2-B091DF257D95}.Debug|Any CPU.Build.0 = Debug|Any CPU
		{EB8D2D39-9EDC-4A19-AAA2-B091DF257D95}.Release|Any CPU.ActiveCfg = Release|Any CPU
		{EB8D2D39-9EDC-4A19-AAA2-B091DF257D95}.Release|Any CPU.Build.0 = Release|Any CPU
		{636AD3D6-60C7-4836-B189-1746F8DD9662}.Debug|Any CPU.ActiveCfg = Debug|Any CPU
		{636AD3D6-60C7-4836-B189-1746F8DD9662}.Debug|Any CPU.Build.0 = Debug|Any CPU
		{636AD3D6-60C7-4836-B189-1746F8DD9662}.Release|Any CPU.ActiveCfg = Release|Any CPU
		{636AD3D6-60C7-4836-B189-1746F8DD9662}.Release|Any CPU.Build.0 = Release|Any CPU
		{48FF9D19-F30E-4E3C-BED3-65A3FFDAF7C1}.Debug|Any CPU.ActiveCfg = Debug|Any CPU
		{48FF9D19-F30E-4E3C-BED3-65A3FFDAF7C1}.Debug|Any CPU.Build.0 = Debug|Any CPU
		{48FF9D19-F30E-4E3C-BED3-65A3FFDAF7C1}.Release|Any CPU.ActiveCfg = Release|Any CPU
		{48FF9D19-F30E-4E3C-BED3-65A3FFDAF7C1}.Release|Any CPU.Build.0 = Release|Any CPU
	EndGlobalSection
	GlobalSection(SolutionProperties) = preSolution
		HideSolutionNode = FALSE
	EndGlobalSection
	GlobalSection(ExtensibilityGlobals) = postSolution
		SolutionGuid = {94ED2982-82A0-4F41-8A20-1FACEC9FC523}
	EndGlobalSection
EndGlobal
